
Microsoft Visual Studio Solution File, Format Version 12.00
# Visual Studio 2013
VisualStudioVersion = 12.0.30501.0
MinimumVisualStudioVersion = 10.0.40219.1
Project("{FAE04EC0-301F-11D3-BF4B-00C04F79EFBC}") = "CourseProj", "CourseProj\CourseProj.csproj", "{ECAED9E0-056B-41AB-8050-550A6A3E33B4}"
EndProject
Project("{FAE04EC0-301F-11D3-BF4B-00C04F79EFBC}") = "ImageTester", "..\..\..\..\Documents\Visual Studio 2013\Projects\ImageTester\ImageTester\ImageTester.csproj", "{28932E2F-D514-42F7-9D06-0B098D5EB28B}"
EndProject
Global
	GlobalSection(SolutionConfigurationPlatforms) = preSolution
		Debug|Any CPU = Debug|Any CPU
		Release|Any CPU = Release|Any CPU
	EndGlobalSection
	GlobalSection(ProjectConfigurationPlatforms) = postSolution
		{ECAED9E0-056B-41AB-8050-550A6A3E33B4}.Debug|Any CPU.ActiveCfg = Debug|Any CPU
		{ECAED9E0-056B-41AB-8050-550A6A3E33B4}.Debug|Any CPU.Build.0 = Debug|Any CPU
		{ECAED9E0-056B-41AB-8050-550A6A3E33B4}.Release|Any CPU.ActiveCfg = Release|Any CPU
		{ECAED9E0-056B-41AB-8050-550A6A3E33B4}.Release|Any CPU.Build.0 = Release|Any CPU
		{28932E2F-D514-42F7-9D06-0B098D5EB28B}.Debug|Any CPU.ActiveCfg = Debug|Any CPU
		{28932E2F-D514-42F7-9D06-0B098D5EB28B}.Debug|Any CPU.Build.0 = Debug|Any CPU
		{28932E2F-D514-42F7-9D06-0B098D5EB28B}.Release|Any CPU.ActiveCfg = Release|Any CPU
		{28932E2F-D514-42F7-9D06-0B098D5EB28B}.Release|Any CPU.Build.0 = Release|Any CPU
	EndGlobalSection
	GlobalSection(SolutionProperties) = preSolution
		HideSolutionNode = FALSE
	EndGlobalSection
EndGlobal
